
Microsoft Visual Studio Solution File, Format Version 12.00
# Visual Studio Version 17
VisualStudioVersion = 17.1.32407.343
MinimumVisualStudioVersion = 10.0.40219.1
Project("{FAE04EC0-301F-11D3-BF4B-00C04F79EFBC}") = "CloudCustomersAPI", "CloudCustomersAPI\CloudCustomersAPI.csproj", "{915315F1-F4F7-4949-8B99-2AE67AA1987C}"
EndProject
Project("{FAE04EC0-301F-11D3-BF4B-00C04F79EFBC}") = "CloudCustomers.Test", "CloudCustomers.Test\CloudCustomers.Test.csproj", "{FCCC6400-661D-4EAB-BF3D-B60A11BB57FA}"
EndProject
Global
	GlobalSection(SolutionConfigurationPlatforms) = preSolution
		Debug|Any CPU = Debug|Any CPU
		Release|Any CPU = Release|Any CPU
	EndGlobalSection
	GlobalSection(ProjectConfigurationPlatforms) = postSolution
		{915315F1-F4F7-4949-8B99-2AE67AA1987C}.Debug|Any CPU.ActiveCfg = Debug|Any CPU
		{915315F1-F4F7-4949-8B99-2AE67AA1987C}.Debug|Any CPU.Build.0 = Debug|Any CPU
		{915315F1-F4F7-4949-8B99-2AE67AA1987C}.Release|Any CPU.ActiveCfg = Release|Any CPU
		{915315F1-F4F7-4949-8B99-2AE67AA1987C}.Release|Any CPU.Build.0 = Release|Any CPU
		{FCCC6400-661D-4EAB-BF3D-B60A11BB57FA}.Debug|Any CPU.ActiveCfg = Debug|Any CPU
		{FCCC6400-661D-4EAB-BF3D-B60A11BB57FA}.Debug|Any CPU.Build.0 = Debug|Any CPU
		{FCCC6400-661D-4EAB-BF3D-B60A11BB57FA}.Release|Any CPU.ActiveCfg = Release|Any CPU
		{FCCC6400-661D-4EAB-BF3D-B60A11BB57FA}.Release|Any CPU.Build.0 = Release|Any CPU
	EndGlobalSection
	GlobalSection(SolutionProperties) = preSolution
		HideSolutionNode = FALSE
	EndGlobalSection
	GlobalSection(ExtensibilityGlobals) = postSolution
		SolutionGuid = {23ADB17D-908C-48C3-97BD-D635689C2E0B}
	EndGlobalSection
EndGlobal
